github.com/chriswolfdesign/tcp-ttt-common v0.0.0-20240528110054-3b21f4e7e2fb h1:PyIwmYz8GZxd+Sf0mOlnyH3AsW55Fin2PKW3bA5OZCU=
github.com/chriswolfdesign/tcp-ttt-common v0.0.0-20240528110054-3b21f4e7e2fb/go.mod h1:lHgNmMe2TOn/SJBGYLA8NapJbrDlwXCVoB5PLWKM6XA=
github.com/chriswolfdesign/tcp-ttt-common v0.0.0-20240528112848-49aebca1bbc6 h1:igxZqGPqQRzvJajMWff8cGZTVtU7rvGDj64R8jv2oFY=
github.com/chriswolfdesign/tcp-ttt-common v0.0.0-20240528112848-49aebca1bbc6/go.mod h1:lHgNmMe2TOn/SJBGYLA8NapJbrDlwXCVoB5PLWKM6XA=
github.com/chriswolfdesign/tcp-ttt-common v0.0.0-20240529090216-785584ce507e h1:nTCBFQPwGEk0EAQ2o/pv44jT8HuVda9W7GvIF2ct/Pc=
github.com/chriswolfdesign/tcp-ttt-common v0.0.0-20240529090216-785584ce507e/go.mod h1:lHgNmMe2TOn/SJBGYLA8NapJbrDlwXCVoB5PLWKM6XA=
github.com/chriswolfdesign/tcp-ttt-common v0.0.0-20240529110745-f2e66e8e6cb2 h1:gjdWcRmj9+7t3BOVUTEmFiXfGuhJ9zYAcruTYuxCYOM=
github.com/chriswolfdesign/tcp-ttt-common v0.0.0-20240529110745-f2e66e8e6cb2/go.mod h1:lHgNmMe2TOn/SJBGYLA8NapJbrDlwXCVoB5PLWKM6XA=
github.com/chriswolfdesign/tcp-ttt-common v0.0.0-20240529115615-4dca54978ca7 h1:ZmEytWxjTtEJqgeB24w8yeLz/SR+ve6Pt0l9lyc+AiM=
github.com/chriswolfdesign/tcp-ttt-common v0.0.0-20240529115615-4dca54978ca7/go.mod h1:lHgNmMe2TOn/SJBGYLA8NapJbrDlwXCVoB5PLWKM6XA=
github.com/chriswolfdesign/tcp-ttt-common v0.0.0-20240529121605-8b1b391dbdad h1:QaEDaDZTOao+OIcVi6evy0eQzN2VgwtGBOnMFrW7XTM=
github.com/chriswolfdesign/tcp-ttt-common v0.0.0-20240529121605-8b1b391dbdad/go.mod h1:lHgNmMe2TOn/SJBGYLA8NapJbrDlwXCVoB5PLWKM6XA=
